
Microsoft Visual Studio Solution File, Format Version 12.00
# Visual Studio 15
VisualStudioVersion = 15.0.28307.271
MinimumVisualStudioVersion = 10.0.40219.1
Project("{FAE04EC0-301F-11D3-BF4B-00C04F79EFBC}") = "ServicioTecnico", "ServicioTecnico\ServicioTecnico.csproj", "{79F87641-B117-41DA-8737-FBC0BD5ACFEF}"
EndProject
Global
	GlobalSection(SolutionConfigurationPlatforms) = preSolution
		Debug|Any CPU = Debug|Any CPU
		Release|Any CPU = Release|Any CPU
	EndGlobalSection
	GlobalSection(ProjectConfigurationPlatforms) = postSolution
		{79F87641-B117-41DA-8737-FBC0BD5ACFEF}.Debug|Any CPU.ActiveCfg = Debug|Any CPU
		{79F87641-B117-41DA-8737-FBC0BD5ACFEF}.Debug|Any CPU.Build.0 = Debug|Any CPU
		{79F87641-B117-41DA-8737-FBC0BD5ACFEF}.Release|Any CPU.ActiveCfg = Release|Any CPU
		{79F87641-B117-41DA-8737-FBC0BD5ACFEF}.Release|Any CPU.Build.0 = Release|Any CPU
	EndGlobalSection
	GlobalSection(SolutionProperties) = preSolution
		HideSolutionNode = FALSE
	EndGlobalSection
	GlobalSection(ExtensibilityGlobals) = postSolution
		SolutionGuid = {AD02F01A-1764-4063-933B-36C7BB298230}
	EndGlobalSection
EndGlobal
